// !$*UTF8*$!
{
	archiveVersion = 1;
	classes = {
	};
	objectVersion = 46;
	objects = {

/* Begin PBXAggregateTarget section */
		8EB1833B18BBDC50001CCA94 /* Aggregate Lib */ = {
			isa = PBXAggregateTarget;
			buildConfigurationList = 8EB1833E18BBDC50001CCA94 /* Build configuration list for PBXAggregateTarget "Aggregate Lib" */;
			buildPhases = (
				8EB1833F18BBDC7B001CCA94 /* ShellScript */,
				8EB1834018BBDD02001CCA94 /* CopyFiles */,
			);
			dependencies = (
			);
			name = "Aggregate Lib";
			productName = "Aggregate Lib";
		};
/* End PBXAggregateTarget section */

/* Begin PBXBuildFile section */
		70D3B551985B45DFAF281EB6 /* libPods-NetworkLib.a in Frameworks */ = {isa = PBXBuildFile; fileRef = D781ACA92ECB465A84559FDD /* libPods-NetworkLib.a */; };
		8E78F56E18A68F5F0014BC5B /* Foundation.framework in Frameworks */ = {isa = PBXBuildFile; fileRef = 8E78F56D18A68F5F0014BC5B /* Foundation.framework */; };
		8E78F57318A68F5F0014BC5B /* NetworkLib.h in CopyFiles */ = {isa = PBXBuildFile; fileRef = 8E78F57218A68F5F0014BC5B /* NetworkLib.h */; };
		8E78F57518A68F5F0014BC5B /* NetworkLib.m in Sources */ = {isa = PBXBuildFile; fileRef = 8E78F57418A68F5F0014BC5B /* NetworkLib.m */; };
		8E78F57C18A68F5F0014BC5B /* XCTest.framework in Frameworks */ = {isa = PBXBuildFile; fileRef = 8E78F57B18A68F5F0014BC5B /* XCTest.framework */; };
		8E78F57D18A68F5F0014BC5B /* Foundation.framework in Frameworks */ = {isa = PBXBuildFile; fileRef = 8E78F56D18A68F5F0014BC5B /* Foundation.framework */; };
		8E78F57F18A68F5F0014BC5B /* UIKit.framework in Frameworks */ = {isa = PBXBuildFile; fileRef = 8E78F57E18A68F5F0014BC5B /* UIKit.framework */; };
		8E78F58218A68F5F0014BC5B /* libNetworkLib.a in Frameworks */ = {isa = PBXBuildFile; fileRef = 8E78F56A18A68F5F0014BC5B /* libNetworkLib.a */; };
		8E78F58818A68F5F0014BC5B /* InfoPlist.strings in Resources */ = {isa = PBXBuildFile; fileRef = 8E78F58618A68F5F0014BC5B /* InfoPlist.strings */; };
		8E78F58A18A68F5F0014BC5B /* NetworkLibTests.m in Sources */ = {isa = PBXBuildFile; fileRef = 8E78F58918A68F5F0014BC5B /* NetworkLibTests.m */; };
		8E78F59418A692BF0014BC5B /* SystemConfiguration.framework in Frameworks */ = {isa = PBXBuildFile; fileRef = 8E78F59318A692BF0014BC5B /* SystemConfiguration.framework */; };
		8EB1834118BBDD0B001CCA94 /* NetworkLib.h in CopyFiles */ = {isa = PBXBuildFile; fileRef = 8E78F57218A68F5F0014BC5B /* NetworkLib.h */; };
/* End PBXBuildFile section */

/* Begin PBXContainerItemProxy section */
		8E78F58018A68F5F0014BC5B /* PBXContainerItemProxy */ = {
			isa = PBXContainerItemProxy;
			containerPortal = 8E78F56218A68F5F0014BC5B /* Project object */;
			proxyType = 1;
			remoteGlobalIDString = 8E78F56918A68F5F0014BC5B;
			remoteInfo = NetworkLib;
		};
/* End PBXContainerItemProxy section */

/* Begin PBXCopyFilesBuildPhase section */
		8E78F56818A68F5F0014BC5B /* CopyFiles */ = {
			isa = PBXCopyFilesBuildPhase;
			buildActionMask = 2147483647;
			dstPath = "include/$(PRODUCT_NAME)";
			dstSubfolderSpec = 16;
			files = (
				8E78F57318A68F5F0014BC5B /* NetworkLib.h in CopyFiles */,
			);
			runOnlyForDeploymentPostprocessing = 0;
		};
		8EB1834018BBDD02001CCA94 /* CopyFiles */ = {
			isa = PBXCopyFilesBuildPhase;
			buildActionMask = 2147483647;
			dstPath = "${TARGET_BUILD_DIR}/../NetworkLib";
			dstSubfolderSpec = 0;
			files = (
				8EB1834118BBDD0B001CCA94 /* NetworkLib.h in CopyFiles */,
			);
			runOnlyForDeploymentPostprocessing = 0;
		};
/* End PBXCopyFilesBuildPhase section */

/* Begin PBXFileReference section */
		8E6FBE2B18DEF7C8005DE985 /* NamespacedDependencies.h */ = {isa = PBXFileReference; lastKnownFileType = sourcecode.c.h; name = NamespacedDependencies.h; path = Pods/NamespacedDependencies.h; sourceTree = "<group>"; };
		8E78F56A18A68F5F0014BC5B /* libNetworkLib.a */ = {isa = PBXFileReference; explicitFileType = archive.ar; includeInIndex = 0; path = libNetworkLib.a; sourceTree = BUILT_PRODUCTS_DIR; };
		8E78F56D18A68F5F0014BC5B /* Foundation.framework */ = {isa = PBXFileReference; lastKnownFileType = wrapper.framework; name = Foundation.framework; path = System/Library/Frameworks/Foundation.framework; sourceTree = SDKROOT; };
		8E78F57118A68F5F0014BC5B /* NetworkLib-Prefix.pch */ = {isa = PBXFileReference; lastKnownFileType = sourcecode.c.h; path = "NetworkLib-Prefix.pch"; sourceTree = "<group>"; };
		8E78F57218A68F5F0014BC5B /* NetworkLib.h */ = {isa = PBXFileReference; lastKnownFileType = sourcecode.c.h; path = NetworkLib.h; sourceTree = "<group>"; };
		8E78F57418A68F5F0014BC5B /* NetworkLib.m */ = {isa = PBXFileReference; lastKnownFileType = sourcecode.c.objc; path = NetworkLib.m; sourceTree = "<group>"; };
		8E78F57A18A68F5F0014BC5B /* NetworkLibTests.xctest */ = {isa = PBXFileReference; explicitFileType = wrapper.cfbundle; includeInIndex = 0; path = NetworkLibTests.xctest; sourceTree = BUILT_PRODUCTS_DIR; };
		8E78F57B18A68F5F0014BC5B /* XCTest.framework */ = {isa = PBXFileReference; lastKnownFileType = wrapper.framework; name = XCTest.framework; path = Library/Frameworks/XCTest.framework; sourceTree = DEVELOPER_DIR; };
		8E78F57E18A68F5F0014BC5B /* UIKit.framework */ = {isa = PBXFileReference; lastKnownFileType = wrapper.framework; name = UIKit.framework; path = Library/Frameworks/UIKit.framework; sourceTree = DEVELOPER_DIR; };
		8E78F58518A68F5F0014BC5B /* NetworkLibTests-Info.plist */ = {isa = PBXFileReference; lastKnownFileType = text.plist.xml; path = "NetworkLibTests-Info.plist"; sourceTree = "<group>"; };
		8E78F58718A68F5F0014BC5B /* en */ = {isa = PBXFileReference; lastKnownFileType = text.plist.strings; name = en; path = en.lproj/InfoPlist.strings; sourceTree = "<group>"; };
		8E78F58918A68F5F0014BC5B /* NetworkLibTests.m */ = {isa = PBXFileReference; lastKnownFileType = sourcecode.c.objc; path = NetworkLibTests.m; sourceTree = "<group>"; };
		8E78F59318A692BF0014BC5B /* SystemConfiguration.framework */ = {isa = PBXFileReference; lastKnownFileType = wrapper.framework; name = SystemConfiguration.framework; path = System/Library/Frameworks/SystemConfiguration.framework; sourceTree = SDKROOT; };
		D781ACA92ECB465A84559FDD /* libPods-NetworkLib.a */ = {isa = PBXFileReference; explicitFileType = archive.ar; includeInIndex = 0; path = "libPods-NetworkLib.a"; sourceTree = BUILT_PRODUCTS_DIR; };
		EE5F3C3A183E4296ACC01BC4 /* Pods-NetworkLib.xcconfig */ = {isa = PBXFileReference; includeInIndex = 1; lastKnownFileType = text.xcconfig; name = "Pods-NetworkLib.xcconfig"; path = "Pods/Pods-NetworkLib.xcconfig"; sourceTree = "<group>"; };
/* End PBXFileReference section */

/* Begin PBXFrameworksBuildPhase section */
		8E78F56718A68F5F0014BC5B /* Frameworks */ = {
			isa = PBXFrameworksBuildPhase;
			buildActionMask = 2147483647;
			files = (
				8E78F59418A692BF0014BC5B /* SystemConfiguration.framework in Frameworks */,
				8E78F56E18A68F5F0014BC5B /* Foundation.framework in Frameworks */,
				70D3B551985B45DFAF281EB6 /* libPods-NetworkLib.a in Frameworks */,
			);
			runOnlyForDeploymentPostprocessing = 0;
		};
		8E78F57718A68F5F0014BC5B /* Frameworks */ = {
			isa = PBXFrameworksBuildPhase;
			buildActionMask = 2147483647;
			files = (
				8E78F57C18A68F5F0014BC5B /* XCTest.framework in Frameworks */,
				8E78F57F18A68F5F0014BC5B /* UIKit.framework in Frameworks */,
				8E78F58218A68F5F0014BC5B /* libNetworkLib.a in Frameworks */,
				8E78F57D18A68F5F0014BC5B /* Foundation.framework in Frameworks */,
			);
			runOnlyForDeploymentPostprocessing = 0;
		};
/* End PBXFrameworksBuildPhase section */

/* Begin PBXGroup section */
		8E78F56118A68F5F0014BC5B = {
			isa = PBXGroup;
			children = (
				8E6FBE2B18DEF7C8005DE985 /* NamespacedDependencies.h */,
				8E78F56F18A68F5F0014BC5B /* NetworkLib */,
				8E78F58318A68F5F0014BC5B /* NetworkLibTests */,
				8E78F56C18A68F5F0014BC5B /* Frameworks */,
				8E78F56B18A68F5F0014BC5B /* Products */,
				EE5F3C3A183E4296ACC01BC4 /* Pods-NetworkLib.xcconfig */,
			);
			sourceTree = "<group>";
		};
		8E78F56B18A68F5F0014BC5B /* Products */ = {
			isa = PBXGroup;
			children = (
				8E78F56A18A68F5F0014BC5B /* libNetworkLib.a */,
				8E78F57A18A68F5F0014BC5B /* NetworkLibTests.xctest */,
			);
			name = Products;
			sourceTree = "<group>";
		};
		8E78F56C18A68F5F0014BC5B /* Frameworks */ = {
			isa = PBXGroup;
			children = (
				8E78F59318A692BF0014BC5B /* SystemConfiguration.framework */,
				8E78F56D18A68F5F0014BC5B /* Foundation.framework */,
				8E78F57B18A68F5F0014BC5B /* XCTest.framework */,
				8E78F57E18A68F5F0014BC5B /* UIKit.framework */,
				D781ACA92ECB465A84559FDD /* libPods-NetworkLib.a */,
			);
			name = Frameworks;
			sourceTree = "<group>";
		};
		8E78F56F18A68F5F0014BC5B /* NetworkLib */ = {
			isa = PBXGroup;
			children = (
				8E78F57218A68F5F0014BC5B /* NetworkLib.h */,
				8E78F57418A68F5F0014BC5B /* NetworkLib.m */,
				8E78F57018A68F5F0014BC5B /* Supporting Files */,
			);
			path = NetworkLib;
			sourceTree = "<group>";
		};
		8E78F57018A68F5F0014BC5B /* Supporting Files */ = {
			isa = PBXGroup;
			children = (
				8E78F57118A68F5F0014BC5B /* NetworkLib-Prefix.pch */,
			);
			name = "Supporting Files";
			sourceTree = "<group>";
		};
		8E78F58318A68F5F0014BC5B /* NetworkLibTests */ = {
			isa = PBXGroup;
			children = (
				8E78F58918A68F5F0014BC5B /* NetworkLibTests.m */,
				8E78F58418A68F5F0014BC5B /* Supporting Files */,
			);
			path = NetworkLibTests;
			sourceTree = "<group>";
		};
		8E78F58418A68F5F0014BC5B /* Supporting Files */ = {
			isa = PBXGroup;
			children = (
				8E78F58518A68F5F0014BC5B /* NetworkLibTests-Info.plist */,
				8E78F58618A68F5F0014BC5B /* InfoPlist.strings */,
			);
			name = "Supporting Files";
			sourceTree = "<group>";
		};
/* End PBXGroup section */

/* Begin PBXNativeTarget section */
		8E78F56918A68F5F0014BC5B /* NetworkLib */ = {
			isa = PBXNativeTarget;
			buildConfigurationList = 8E78F58D18A68F5F0014BC5B /* Build configuration list for PBXNativeTarget "NetworkLib" */;
			buildPhases = (
				177DD7A50BA541589EDAE990 /* Check Pods Manifest.lock */,
				8E78F56618A68F5F0014BC5B /* Sources */,
				8E78F56718A68F5F0014BC5B /* Frameworks */,
				8E78F56818A68F5F0014BC5B /* CopyFiles */,
				0C57EFA9DB4B4514A749AA47 /* Copy Pods Resources */,
			);
			buildRules = (
			);
			dependencies = (
			);
			name = NetworkLib;
			productName = NetworkLib;
			productReference = 8E78F56A18A68F5F0014BC5B /* libNetworkLib.a */;
			productType = "com.apple.product-type.library.static";
		};
		8E78F57918A68F5F0014BC5B /* NetworkLibTests */ = {
			isa = PBXNativeTarget;
			buildConfigurationList = 8E78F59018A68F5F0014BC5B /* Build configuration list for PBXNativeTarget "NetworkLibTests" */;
			buildPhases = (
				8E78F57618A68F5F0014BC5B /* Sources */,
				8E78F57718A68F5F0014BC5B /* Frameworks */,
				8E78F57818A68F5F0014BC5B /* Resources */,
			);
			buildRules = (
			);
			dependencies = (
				8E78F58118A68F5F0014BC5B /* PBXTargetDependency */,
			);
			name = NetworkLibTests;
			productName = NetworkLibTests;
			productReference = 8E78F57A18A68F5F0014BC5B /* NetworkLibTests.xctest */;
			productType = "com.apple.product-type.bundle.unit-test";
		};
/* End PBXNativeTarget section */

/* Begin PBXProject section */
		8E78F56218A68F5F0014BC5B /* Project object */ = {
			isa = PBXProject;
			attributes = {
				LastUpgradeCheck = 0510;
				ORGANIZATIONNAME = Sigmapoint;
			};
			buildConfigurationList = 8E78F56518A68F5F0014BC5B /* Build configuration list for PBXProject "NetworkLib" */;
			compatibilityVersion = "Xcode 3.2";
			developmentRegion = English;
			hasScannedForEncodings = 0;
			knownRegions = (
				en,
			);
			mainGroup = 8E78F56118A68F5F0014BC5B;
			productRefGroup = 8E78F56B18A68F5F0014BC5B /* Products */;
			projectDirPath = "";
			projectRoot = "";
			targets = (
				8E78F56918A68F5F0014BC5B /* NetworkLib */,
				8E78F57918A68F5F0014BC5B /* NetworkLibTests */,
				8EB1833B18BBDC50001CCA94 /* Aggregate Lib */,
			);
		};
/* End PBXProject section */

/* Begin PBXResourcesBuildPhase section */
		8E78F57818A68F5F0014BC5B /* Resources */ = {
			isa = PBXResourcesBuildPhase;
			buildActionMask = 2147483647;
			files = (
				8E78F58818A68F5F0014BC5B /* InfoPlist.strings in Resources */,
			);
			runOnlyForDeploymentPostprocessing = 0;
		};
/* End PBXResourcesBuildPhase section */

/* Begin PBXShellScriptBuildPhase section */
		0C57EFA9DB4B4514A749AA47 /* Copy Pods Resources */ = {
			isa = PBXShellScriptBuildPhase;
			buildActionMask = 2147483647;
			files = (
			);
			inputPaths = (
			);
			name = "Copy Pods Resources";
			outputPaths = (
			);
			runOnlyForDeploymentPostprocessing = 0;
			shellPath = /bin/sh;
			shellScript = "\"${SRCROOT}/Pods/Pods-NetworkLib-resources.sh\"\n";
			showEnvVarsInLog = 0;
		};
		177DD7A50BA541589EDAE990 /* Check Pods Manifest.lock */ = {
			isa = PBXShellScriptBuildPhase;
			buildActionMask = 2147483647;
			files = (
			);
			inputPaths = (
			);
			name = "Check Pods Manifest.lock";
			outputPaths = (
			);
			runOnlyForDeploymentPostprocessing = 0;
			shellPath = /bin/sh;
			shellScript = "diff \"${PODS_ROOT}/../Podfile.lock\" \"${PODS_ROOT}/Manifest.lock\" > /dev/null\nif [[ $? != 0 ]] ; then\n    cat << EOM\nerror: The sandbox is not in sync with the Podfile.lock. Run 'pod install' or update your CocoaPods installation.\nEOM\n    exit 1\nfi\n";
			showEnvVarsInLog = 0;
		};
		8EB1833F18BBDC7B001CCA94 /* ShellScript */ = {
			isa = PBXShellScriptBuildPhase;
			buildActionMask = 2147483647;
			files = (
			);
			inputPaths = (
			);
			outputPaths = (
			);
			runOnlyForDeploymentPostprocessing = 0;
			shellPath = /bin/sh;
			shellScript = "xcodebuild -workspace NetworkLib.xcworkspace -scheme NetworkLib -sdk iphonesimulator -configuration Debug\nxcodebuild -workspace NetworkLib.xcworkspace -scheme NetworkLib -sdk iphoneos -configuration Debug\n\n# make a new output folder\nmkdir -p ${TARGET_BUILD_DIR}/../NetworkLib\n\n# combine lib files for various platforms into one\nlipo -create \"${TARGET_BUILD_DIR}/../Debug-iphoneos/libNetworkLib.a\" \"${TARGET_BUILD_DIR}/../Debug-iphonesimulator/libNetworkLib.a\" -output \"${TARGET_BUILD_DIR}/../NetworkLib/libNetworkLib-debug-${CURRENT_PROJECT_VERSION}.a\"\n\n";
		};
/* End PBXShellScriptBuildPhase section */

/* Begin PBXSourcesBuildPhase section */
		8E78F56618A68F5F0014BC5B /* Sources */ = {
			isa = PBXSourcesBuildPhase;
			buildActionMask = 2147483647;
			files = (
				8E78F57518A68F5F0014BC5B /* NetworkLib.m in Sources */,
			);
			runOnlyForDeploymentPostprocessing = 0;
		};
		8E78F57618A68F5F0014BC5B /* Sources */ = {
			isa = PBXSourcesBuildPhase;
			buildActionMask = 2147483647;
			files = (
				8E78F58A18A68F5F0014BC5B /* NetworkLibTests.m in Sources */,
			);
			runOnlyForDeploymentPostprocessing = 0;
		};
/* End PBXSourcesBuildPhase section */

/* Begin PBXTargetDependency section */
		8E78F58118A68F5F0014BC5B /* PBXTargetDependency */ = {
			isa = PBXTargetDependency;
			target = 8E78F56918A68F5F0014BC5B /* NetworkLib */;
			targetProxy = 8E78F58018A68F5F0014BC5B /* PBXContainerItemProxy */;
		};
/* End PBXTargetDependency section */

/* Begin PBXVariantGroup section */
		8E78F58618A68F5F0014BC5B /* InfoPlist.strings */ = {
			isa = PBXVariantGroup;
			children = (
				8E78F58718A68F5F0014BC5B /* en */,
			);
			name = InfoPlist.strings;
			sourceTree = "<group>";
		};
/* End PBXVariantGroup section */

/* Begin XCBuildConfiguration section */
		8E78F58B18A68F5F0014BC5B /* Debug */ = {
			isa = XCBuildConfiguration;
			buildSettings = {
				ALWAYS_SEARCH_USER_PATHS = NO;
				CLANG_CXX_LANGUAGE_STANDARD = "gnu++0x";
				CLANG_CXX_LIBRARY = "libc++";
				CLANG_ENABLE_MODULES = YES;
				CLANG_ENABLE_OBJC_ARC = YES;
				CLANG_WARN_BOOL_CONVERSION = YES;
				CLANG_WARN_CONSTANT_CONVERSION = YES;
				CLANG_WARN_DIRECT_OBJC_ISA_USAGE = YES_ERROR;
				CLANG_WARN_EMPTY_BODY = YES;
				CLANG_WARN_ENUM_CONVERSION = YES;
				CLANG_WARN_INT_CONVERSION = YES;
				CLANG_WARN_OBJC_ROOT_CLASS = YES_ERROR;
				CLANG_WARN__DUPLICATE_METHOD_MATCH = YES;
				COPY_PHASE_STRIP = NO;
				GCC_C_LANGUAGE_STANDARD = gnu99;
				GCC_DYNAMIC_NO_PIC = NO;
				GCC_OPTIMIZATION_LEVEL = 0;
				GCC_PREPROCESSOR_DEFINITIONS = (
					"DEBUG=1",
					"$(inherited)",
				);
				GCC_SYMBOLS_PRIVATE_EXTERN = NO;
				GCC_WARN_64_TO_32_BIT_CONVERSION = YES;
				GCC_WARN_ABOUT_RETURN_TYPE = YES_ERROR;
				GCC_WARN_UNDECLARED_SELECTOR = YES;
				GCC_WARN_UNINITIALIZED_AUTOS = YES;
				GCC_WARN_UNUSED_FUNCTION = YES;
				GCC_WARN_UNUSED_VARIABLE = YES;
				IPHONEOS_DEPLOYMENT_TARGET = 7.0;
				ONLY_ACTIVE_ARCH = NO;
				SDKROOT = iphoneos;
			};
			name = Debug;
		};
		8E78F58C18A68F5F0014BC5B /* Release */ = {
			isa = XCBuildConfiguration;
			buildSettings = {
				ALWAYS_SEARCH_USER_PATHS = NO;
				CLANG_CXX_LANGUAGE_STANDARD = "gnu++0x";
				CLANG_CXX_LIBRARY = "libc++";
				CLANG_ENABLE_MODULES = YES;
				CLANG_ENABLE_OBJC_ARC = YES;
				CLANG_WARN_BOOL_CONVERSION = YES;
				CLANG_WARN_CONSTANT_CONVERSION = YES;
				CLANG_WARN_DIRECT_OBJC_ISA_USAGE = YES_ERROR;
				CLANG_WARN_EMPTY_BODY = YES;
				CLANG_WARN_ENUM_CONVERSION = YES;
				CLANG_WARN_INT_CONVERSION = YES;
				CLANG_WARN_OBJC_ROOT_CLASS = YES_ERROR;
				CLANG_WARN__DUPLICATE_METHOD_MATCH = YES;
				COPY_PHASE_STRIP = YES;
				ENABLE_NS_ASSERTIONS = NO;
				GCC_C_LANGUAGE_STANDARD = gnu99;
				GCC_WARN_64_TO_32_BIT_CONVERSION = YES;
				GCC_WARN_ABOUT_RETURN_TYPE = YES_ERROR;
				GCC_WARN_UNDECLARED_SELECTOR = YES;
				GCC_WARN_UNINITIALIZED_AUTOS = YES;
				GCC_WARN_UNUSED_FUNCTION = YES;
				GCC_WARN_UNUSED_VARIABLE = YES;
				IPHONEOS_DEPLOYMENT_TARGET = 7.0;
				ONLY_ACTIVE_ARCH = NO;
				SDKROOT = iphoneos;
				VALIDATE_PRODUCT = YES;
			};
			name = Release;
		};
		8E78F58E18A68F5F0014BC5B /* Debug */ = {
			isa = XCBuildConfiguration;
			baseConfigurationReference = EE5F3C3A183E4296ACC01BC4 /* Pods-NetworkLib.xcconfig */;
			buildSettings = {
				DSTROOT = /tmp/NetworkLib.dst;
				GCC_PRECOMPILE_PREFIX_HEADER = YES;
				GCC_PREFIX_HEADER = "NetworkLib/NetworkLib-Prefix.pch";
				ONLY_ACTIVE_ARCH = NO;
				OTHER_LDFLAGS = "-ObjC";
				PRODUCT_NAME = "$(TARGET_NAME)";
				SKIP_INSTALL = YES;
			};
			name = Debug;
		};
		8E78F58F18A68F5F0014BC5B /* Release */ = {
			isa = XCBuildConfiguration;
			baseConfigurationReference = EE5F3C3A183E4296ACC01BC4 /* Pods-NetworkLib.xcconfig */;
			buildSettings = {
				DSTROOT = /tmp/NetworkLib.dst;
				GCC_PRECOMPILE_PREFIX_HEADER = YES;
				GCC_PREFIX_HEADER = "NetworkLib/NetworkLib-Prefix.pch";
				ONLY_ACTIVE_ARCH = NO;
				OTHER_LDFLAGS = "-ObjC";
				PRODUCT_NAME = "$(TARGET_NAME)";
				SKIP_INSTALL = YES;
			};
			name = Release;
		};
		8E78F59118A68F5F0014BC5B /* Debug */ = {
			isa = XCBuildConfiguration;
			baseConfigurationReference = EE5F3C3A183E4296ACC01BC4 /* Pods-NetworkLib.xcconfig */;
			buildSettings = {
				FRAMEWORK_SEARCH_PATHS = (
					"$(SDKROOT)/Developer/Library/Frameworks",
					"$(inherited)",
					"$(DEVELOPER_FRAMEWORKS_DIR)",
				);
				GCC_PRECOMPILE_PREFIX_HEADER = YES;
				GCC_PREFIX_HEADER = "NetworkLib/NetworkLib-Prefix.pch";
				GCC_PREPROCESSOR_DEFINITIONS = (
					"DEBUG=1",
					"$(inherited)",
				);
				INFOPLIST_FILE = "NetworkLibTests/NetworkLibTests-Info.plist";
				PRODUCT_NAME = "$(TARGET_NAME)";
				WRAPPER_EXTENSION = xctest;
			};
			name = Debug;
		};
		8E78F59218A68F5F0014BC5B /* Release */ = {
			isa = XCBuildConfiguration;
			buildSettings = {
				FRAMEWORK_SEARCH_PATHS = (
					"$(SDKROOT)/Developer/Library/Frameworks",
					"$(inherited)",
					"$(DEVELOPER_FRAMEWORKS_DIR)",
				);
				GCC_PRECOMPILE_PREFIX_HEADER = YES;
				GCC_PREFIX_HEADER = "NetworkLib/NetworkLib-Prefix.pch";
				INFOPLIST_FILE = "NetworkLibTests/NetworkLibTests-Info.plist";
				PRODUCT_NAME = "$(TARGET_NAME)";
				WRAPPER_EXTENSION = xctest;
			};
			name = Release;
		};
		8EB1833C18BBDC50001CCA94 /* Debug */ = {
			isa = XCBuildConfiguration;
			buildSettings = {
				CURRENT_PROJECT_VERSION = 0.1;
				ONLY_ACTIVE_ARCH = NO;
				PRODUCT_NAME = "$(TARGET_NAME)";
			};
			name = Debug;
		};
		8EB1833D18BBDC50001CCA94 /* Release */ = {
			isa = XCBuildConfiguration;
			buildSettings = {
				CURRENT_PROJECT_VERSION = 0.1;
				ONLY_ACTIVE_ARCH = NO;
				PRODUCT_NAME = "$(TARGET_NAME)";
			};
			name = Release;
		};
/* End XCBuildConfiguration section */

/* Begin XCConfigurationList section */
		8E78F56518A68F5F0014BC5B /* Build configuration list for PBXProject "NetworkLib" */ = {
			isa = XCConfigurationList;
			buildConfigurations = (
				8E78F58B18A68F5F0014BC5B /* Debug */,
				8E78F58C18A68F5F0014BC5B /* Release */,
			);
			defaultConfigurationIsVisible = 0;
			defaultConfigurationName = Release;
		};
		8E78F58D18A68F5F0014BC5B /* Build configuration list for PBXNativeTarget "NetworkLib" */ = {
			isa = XCConfigurationList;
			buildConfigurations = (
				8E78F58E18A68F5F0014BC5B /* Debug */,
				8E78F58F18A68F5F0014BC5B /* Release */,
			);
			defaultConfigurationIsVisible = 0;
			defaultConfigurationName = Release;
		};
		8E78F59018A68F5F0014BC5B /* Build configuration list for PBXNativeTarget "NetworkLibTests" */ = {
			isa = XCConfigurationList;
			buildConfigurations = (
				8E78F59118A68F5F0014BC5B /* Debug */,
				8E78F59218A68F5F0014BC5B /* Release */,
			);
			defaultConfigurationIsVisible = 0;
			defaultConfigurationName = Release;
		};
		8EB1833E18BBDC50001CCA94 /* Build configuration list for PBXAggregateTarget "Aggregate Lib" */ = {
			isa = XCConfigurationList;
			buildConfigurations = (
				8EB1833C18BBDC50001CCA94 /* Debug */,
				8EB1833D18BBDC50001CCA94 /* Release */,
			);
			defaultConfigurationIsVisible = 0;
			defaultConfigurationName = Release;
		};
/* End XCConfigurationList section */
	};
	rootObject = 8E78F56218A68F5F0014BC5B /* Project object */;
}
